# THIS IS AN AUTOGENERATED FILE. DO NOT EDIT THIS FILE DIRECTLY.
# yarn lockfile v1


jquery-mask-plugin@^1.14.15:
  version "1.14.15"
  resolved "https://registry.yarnpkg.com/jquery-mask-plugin/-/jquery-mask-plugin-1.14.15.tgz#9daabb41024383cba2a793bacfa46ef8f87273a5"
  integrity sha512-/mI1N5WG9E7JmjFWIQBIMuG/4QlZDAXuoNjHoqVWZSMah+go5hp/xKI/xC0Jud9Ly4HqqhFxY4AXLTUZT+J7Hg==

jquery.nicescroll@^3.7.6:
  version "3.7.6"
  resolved "https://registry.yarnpkg.com/jquery.nicescroll/-/jquery.nicescroll-3.7.6.tgz#afeff3e80658dabe4f78d2d2e84250060fea0852"
  integrity sha1-r+/z6AZY2r5PeNLS6EJQBg/qCFI=
  dependencies:
    jquery ">=1.8.3"

jquery@>=1.8.3:
  version "3.3.1"
  resolved "https://registry.yarnpkg.com/jquery/-/jquery-3.3.1.tgz#958ce29e81c9790f31be7792df5d4d95fc57fbca"
  integrity sha512-Ubldcmxp5np52/ENotGxlLe6aGMvmF4R8S6tZjsP6Knsaxd/xp3Zrh50cG93lR6nPXyUFwzN3ZSOQI0wRJNdGg==

sweetalert2@^7.28.11:
  version "7.28.11"
  resolved "https://registry.yarnpkg.com/sweetalert2/-/sweetalert2-7.28.11.tgz#a4f3ef54f28a76f3cbbf8c963c8bc0a03a55208e"
  integrity sha512-092ZTfHz45ZdH5wADNsfvSHG93Mn+QRc4vV96fIMECaeW38B7Fm77F7/cWO8Fwr8NaOHbzXDhsgTirMHcsnBAA==
